
Microsoft Visual Studio Solution File, Format Version 12.00
# Visual Studio 2012
Project("{FAE04EC0-301F-11D3-BF4B-00C04F79EFBC}") = "Sample", "Sample.Console\Sample.csproj", "{11B80DAC-EECD-4306-8A11-FF9C0E99EEF7}"
EndProject
Project("{FAE04EC0-301F-11D3-BF4B-00C04F79EFBC}") = "Sample.Domain", "Sample.Domain\Sample.Domain.csproj", "{68EF9441-111C-4236-A49D-97B1199AFD08}"
EndProject
Global
	GlobalSection(SolutionConfigurationPlatforms) = preSolution
		Debug|Any CPU = Debug|Any CPU
		Release|Any CPU = Release|Any CPU
	EndGlobalSection
	GlobalSection(ProjectConfigurationPlatforms) = postSolution
		{11B80DAC-EECD-4306-8A11-FF9C0E99EEF7}.Debug|Any CPU.ActiveCfg = Debug|Any CPU
		{11B80DAC-EECD-4306-8A11-FF9C0E99EEF7}.Debug|Any CPU.Build.0 = Debug|Any CPU
		{11B80DAC-EECD-4306-8A11-FF9C0E99EEF7}.Release|Any CPU.ActiveCfg = Release|Any CPU
		{11B80DAC-EECD-4306-8A11-FF9C0E99EEF7}.Release|Any CPU.Build.0 = Release|Any CPU
		{68EF9441-111C-4236-A49D-97B1199AFD08}.Debug|Any CPU.ActiveCfg = Debug|Any CPU
		{68EF9441-111C-4236-A49D-97B1199AFD08}.Debug|Any CPU.Build.0 = Debug|Any CPU
		{68EF9441-111C-4236-A49D-97B1199AFD08}.Release|Any CPU.ActiveCfg = Release|Any CPU
		{68EF9441-111C-4236-A49D-97B1199AFD08}.Release|Any CPU.Build.0 = Release|Any CPU
	EndGlobalSection
	GlobalSection(SolutionProperties) = preSolution
		HideSolutionNode = FALSE
	EndGlobalSection
EndGlobal
